{
  "name": "learningmodeldeployment",
  "version": "1.0.0",
  "lockfileVersion": 3,
  "requires": true,
  "packages": {
    "": {
      "name": "learningmodeldeployment",
      "version": "1.0.0",
      "license": "MIT",
      "dependencies": {
        "blockchaininteractionlibrary": "^1.0.0"
      }
    },
    "node_modules/blockchaininteractionlibrary": {
      "version": "1.0.0",
      "resolved": "https://registry.npmjs.org/blockchaininteractionlibrary/-/blockchaininteractionlibrary-1.0.0.tgz",
      "integrity": "sha512-M6Pdra6IyUZUCn1faZwKkvusDeW8Kj2zUf1bHNevT0Vf9Pe4vZnCWv+HZKZCN/Krs92uIZhAeFZmVuagE5kdPQ=="
    }
  }
}
