{
  "name": "learningmodeldeployment",
  "version": "1.0.1",
  "lockfileVersion": 3,
  "requires": true,
  "packages": {
    "": {
      "name": "learningmodeldeployment",
      "version": "1.0.1",
      "license": "MIT",
      "dependencies": {
        "blockchaininteractionlibrary": "^1.0.1"
      }
    },
    "node_modules/blockchaininteractionlibrary": {
      "version": "1.0.1",
      "resolved": "https://registry.npmjs.org/blockchaininteractionlibrary/-/blockchaininteractionlibrary-1.0.1.tgz",
      "integrity": "sha512-e7AbjTPNQZwuKqFoGlbaunie++tY8H3sl+ABm9DRh8H4W49NIfjEmHM6HZRa3xl2v7n8CSIlI62bEEIE0GV3Cg==",
      "dependencies": {
        "learningmodeldeployment": "^1.0.1"
      }
    },
    "node_modules/learningmodeldeployment": {
      "version": "1.0.1",
      "resolved": "https://registry.npmjs.org/learningmodeldeployment/-/learningmodeldeployment-1.0.1.tgz",
      "integrity": "sha512-MX64eXG45Ezj1EzeEzamXecTBIRbjz+TIp+A77xDg8W4QCC+oHiEpncytxktmOlI04jn3YQBgwJIq+MGJ8FWfg=="
    }
  }
}
